
Microsoft Visual Studio Solution File, Format Version 12.00
# Visual Studio 2015
Project("{FAE04EC0-301F-11D3-BF4B-00C04F79EFBC}") = "RadøyQuest.Plugins", "RadøyQuest.Plugins.csproj", "{FF82F8D2-1D7B-F275-55F5-CA190C6A5A36}"
EndProject
Project("{FAE04EC0-301F-11D3-BF4B-00C04F79EFBC}") = "RadøyQuest", "RadøyQuest.csproj", "{ED8A0B53-391D-B9A6-7C3C-D8CED7C936C3}"
EndProject
Project("{FAE04EC0-301F-11D3-BF4B-00C04F79EFBC}") = "RadøyQuest.Editor", "RadøyQuest.Editor.csproj", "{088CFABB-F85B-B658-CD48-BCE5F5F1C575}"
EndProject
Global
	GlobalSection(SolutionConfigurationPlatforms) = preSolution
		Debug|Any CPU = Debug|Any CPU
		Release|Any CPU = Release|Any CPU
	EndGlobalSection
	GlobalSection(ProjectConfigurationPlatforms) = postSolution
		{FF82F8D2-1D7B-F275-55F5-CA190C6A5A36}.Debug|Any CPU.ActiveCfg = Debug|Any CPU
		{FF82F8D2-1D7B-F275-55F5-CA190C6A5A36}.Debug|Any CPU.Build.0 = Debug|Any CPU
		{FF82F8D2-1D7B-F275-55F5-CA190C6A5A36}.Release|Any CPU.ActiveCfg = Release|Any CPU
		{FF82F8D2-1D7B-F275-55F5-CA190C6A5A36}.Release|Any CPU.Build.0 = Release|Any CPU
		{ED8A0B53-391D-B9A6-7C3C-D8CED7C936C3}.Debug|Any CPU.ActiveCfg = Debug|Any CPU
		{ED8A0B53-391D-B9A6-7C3C-D8CED7C936C3}.Debug|Any CPU.Build.0 = Debug|Any CPU
		{ED8A0B53-391D-B9A6-7C3C-D8CED7C936C3}.Release|Any CPU.ActiveCfg = Release|Any CPU
		{ED8A0B53-391D-B9A6-7C3C-D8CED7C936C3}.Release|Any CPU.Build.0 = Release|Any CPU
		{088CFABB-F85B-B658-CD48-BCE5F5F1C575}.Debug|Any CPU.ActiveCfg = Debug|Any CPU
		{088CFABB-F85B-B658-CD48-BCE5F5F1C575}.Debug|Any CPU.Build.0 = Debug|Any CPU
		{088CFABB-F85B-B658-CD48-BCE5F5F1C575}.Release|Any CPU.ActiveCfg = Release|Any CPU
		{088CFABB-F85B-B658-CD48-BCE5F5F1C575}.Release|Any CPU.Build.0 = Release|Any CPU
	EndGlobalSection
	GlobalSection(SolutionProperties) = preSolution
		HideSolutionNode = FALSE
	EndGlobalSection
EndGlobal
